
Microsoft Visual Studio Solution File, Format Version 12.00
# Visual Studio Version 17
VisualStudioVersion = 17.5.33530.505
MinimumVisualStudioVersion = 10.0.40219.1
Project("{9A19103F-16F7-4668-BE54-9A1E7A4F7556}") = "webapi", "webapi.csproj", "{676227D2-81BC-4123-BD17-2FDFBCBAFEEF}"
EndProject
Global
	GlobalSection(SolutionConfigurationPlatforms) = preSolution
		Debug|Any CPU = Debug|Any CPU
		Release|Any CPU = Release|Any CPU
	EndGlobalSection
	GlobalSection(ProjectConfigurationPlatforms) = postSolution
		{676227D2-81BC-4123-BD17-2FDFBCBAFEEF}.Debug|Any CPU.ActiveCfg = Debug|Any CPU
		{676227D2-81BC-4123-BD17-2FDFBCBAFEEF}.Debug|Any CPU.Build.0 = Debug|Any CPU
		{676227D2-81BC-4123-BD17-2FDFBCBAFEEF}.Release|Any CPU.ActiveCfg = Release|Any CPU
		{676227D2-81BC-4123-BD17-2FDFBCBAFEEF}.Release|Any CPU.Build.0 = Release|Any CPU
	EndGlobalSection
	GlobalSection(SolutionProperties) = preSolution
		HideSolutionNode = FALSE
	EndGlobalSection
	GlobalSection(ExtensibilityGlobals) = postSolution
		SolutionGuid = {B37741FC-2264-4D8C-8FE5-BA7DF427509C}
	EndGlobalSection
EndGlobal
